
Microsoft Visual Studio Solution File, Format Version 12.00
# Visual Studio 15
VisualStudioVersion = 15.0.27130.2024
MinimumVisualStudioVersion = 10.0.40219.1
Project("{FAE04EC0-301F-11D3-BF4B-00C04F79EFBC}") = "DAL", "DAL\DAL.csproj", "{CCBE6D88-E9F4-48E5-B4D6-B5ADAB4FD4D4}"
EndProject
Project("{FAE04EC0-301F-11D3-BF4B-00C04F79EFBC}") = "BLL", "BLL\BLL.csproj", "{5592244F-B74B-4529-A052-30E853CFFBCA}"
EndProject
Project("{FAE04EC0-301F-11D3-BF4B-00C04F79EFBC}") = "Setable", "Setable\Setable.csproj", "{B8D5F35F-E59E-449C-BD48-CB9E742B7DAC}"
EndProject
Project("{FAE04EC0-301F-11D3-BF4B-00C04F79EFBC}") = "DTO", "DTO\DTO.csproj", "{A35201BE-60E9-4467-A66C-168EDD0FDD27}"
EndProject
Global
	GlobalSection(SolutionConfigurationPlatforms) = preSolution
		Debug|Any CPU = Debug|Any CPU
		Release|Any CPU = Release|Any CPU
	EndGlobalSection
	GlobalSection(ProjectConfigurationPlatforms) = postSolution
		{CCBE6D88-E9F4-48E5-B4D6-B5ADAB4FD4D4}.Debug|Any CPU.ActiveCfg = Debug|Any CPU
		{CCBE6D88-E9F4-48E5-B4D6-B5ADAB4FD4D4}.Debug|Any CPU.Build.0 = Debug|Any CPU
		{CCBE6D88-E9F4-48E5-B4D6-B5ADAB4FD4D4}.Release|Any CPU.ActiveCfg = Release|Any CPU
		{CCBE6D88-E9F4-48E5-B4D6-B5ADAB4FD4D4}.Release|Any CPU.Build.0 = Release|Any CPU
		{5592244F-B74B-4529-A052-30E853CFFBCA}.Debug|Any CPU.ActiveCfg = Debug|Any CPU
		{5592244F-B74B-4529-A052-30E853CFFBCA}.Debug|Any CPU.Build.0 = Debug|Any CPU
		{5592244F-B74B-4529-A052-30E853CFFBCA}.Release|Any CPU.ActiveCfg = Release|Any CPU
		{5592244F-B74B-4529-A052-30E853CFFBCA}.Release|Any CPU.Build.0 = Release|Any CPU
		{B8D5F35F-E59E-449C-BD48-CB9E742B7DAC}.Debug|Any CPU.ActiveCfg = Debug|Any CPU
		{B8D5F35F-E59E-449C-BD48-CB9E742B7DAC}.Debug|Any CPU.Build.0 = Debug|Any CPU
		{B8D5F35F-E59E-449C-BD48-CB9E742B7DAC}.Release|Any CPU.ActiveCfg = Release|Any CPU
		{B8D5F35F-E59E-449C-BD48-CB9E742B7DAC}.Release|Any CPU.Build.0 = Release|Any CPU
		{A35201BE-60E9-4467-A66C-168EDD0FDD27}.Debug|Any CPU.ActiveCfg = Debug|Any CPU
		{A35201BE-60E9-4467-A66C-168EDD0FDD27}.Debug|Any CPU.Build.0 = Debug|Any CPU
		{A35201BE-60E9-4467-A66C-168EDD0FDD27}.Release|Any CPU.ActiveCfg = Release|Any CPU
		{A35201BE-60E9-4467-A66C-168EDD0FDD27}.Release|Any CPU.Build.0 = Release|Any CPU
	EndGlobalSection
	GlobalSection(SolutionProperties) = preSolution
		HideSolutionNode = FALSE
	EndGlobalSection
	GlobalSection(ExtensibilityGlobals) = postSolution
		SolutionGuid = {82DDDBE8-C95C-4493-ADF1-F70E0CB7CC6D}
	EndGlobalSection
EndGlobal
